
Microsoft Visual Studio Solution File, Format Version 12.00
# Visual Studio Version 17
VisualStudioVersion = 17.0.31903.59
MinimumVisualStudioVersion = 10.0.40219.1
Project("{FAE04EC0-301F-11D3-BF4B-00C04F79EFBC}") = "Wpf_task1", "Wpf_task1.csproj", "{58F4C018-D07E-41C5-8EF6-A8A85A849BF3}"
EndProject
Global
	GlobalSection(SolutionConfigurationPlatforms) = preSolution
		Debug|Any CPU = Debug|Any CPU
		Release|Any CPU = Release|Any CPU
	EndGlobalSection
	GlobalSection(ProjectConfigurationPlatforms) = postSolution
		{58F4C018-D07E-41C5-8EF6-A8A85A849BF3}.Debug|Any CPU.ActiveCfg = Debug|Any CPU
		{58F4C018-D07E-41C5-8EF6-A8A85A849BF3}.Debug|Any CPU.Build.0 = Debug|Any CPU
		{58F4C018-D07E-41C5-8EF6-A8A85A849BF3}.Release|Any CPU.ActiveCfg = Release|Any CPU
		{58F4C018-D07E-41C5-8EF6-A8A85A849BF3}.Release|Any CPU.Build.0 = Release|Any CPU
	EndGlobalSection
	GlobalSection(SolutionProperties) = preSolution
		HideSolutionNode = FALSE
	EndGlobalSection
	GlobalSection(ExtensibilityGlobals) = postSolution
		SolutionGuid = {55A7FD16-21B1-4BFA-B9D9-3028CB4A8EBA}
	EndGlobalSection
EndGlobal
